// !$*UTF8*$!
{
	archiveVersion = 1;
	classes = {
	};
	objectVersion = 46;
	objects = {

/* Begin PBXBuildFile section */
		0503D3291A81CEF700E2592C /* CompileModal.swift in Sources */ = {isa = PBXBuildFile; fileRef = 0503D3281A81CEF700E2592C /* CompileModal.swift */; };
		0503E2381A8067C800AE382A /* AppDelegate.swift in Sources */ = {isa = PBXBuildFile; fileRef = 0503E2371A8067C800AE382A /* AppDelegate.swift */; };
		0503E23B1A8067C800AE382A /* Brace_Editor.xcdatamodeld in Sources */ = {isa = PBXBuildFile; fileRef = 0503E2391A8067C800AE382A /* Brace_Editor.xcdatamodeld */; };
		0503E23D1A8067C800AE382A /* MasterViewController.swift in Sources */ = {isa = PBXBuildFile; fileRef = 0503E23C1A8067C800AE382A /* MasterViewController.swift */; };
		0503E23F1A8067C800AE382A /* DetailViewController.swift in Sources */ = {isa = PBXBuildFile; fileRef = 0503E23E1A8067C800AE382A /* DetailViewController.swift */; };
		0503E2421A8067C800AE382A /* Main.storyboard in Resources */ = {isa = PBXBuildFile; fileRef = 0503E2401A8067C800AE382A /* Main.storyboard */; };
		0503E2441A8067C800AE382A /* Images.xcassets in Resources */ = {isa = PBXBuildFile; fileRef = 0503E2431A8067C800AE382A /* Images.xcassets */; };
		0503E2471A8067C800AE382A /* LaunchScreen.xib in Resources */ = {isa = PBXBuildFile; fileRef = 0503E2451A8067C800AE382A /* LaunchScreen.xib */; };
		0503E2531A8067C800AE382A /* Brace_EditorTests.swift in Sources */ = {isa = PBXBuildFile; fileRef = 0503E2521A8067C800AE382A /* Brace_EditorTests.swift */; };
		0503E2701A80687000AE382A /* OnlineCompiler.swift in Sources */ = {isa = PBXBuildFile; fileRef = 0503E26F1A80687000AE382A /* OnlineCompiler.swift */; };
		0503E2721A8068ED00AE382A /* SwiftyJSON.swift in Sources */ = {isa = PBXBuildFile; fileRef = 0503E2711A8068ED00AE382A /* SwiftyJSON.swift */; };
		0503E2741A806EB600AE382A /* CellViewController.swift in Sources */ = {isa = PBXBuildFile; fileRef = 0503E2731A806EB600AE382A /* CellViewController.swift */; };
		86335BB51BA1715900A45520 /* PopViewController.swift in Sources */ = {isa = PBXBuildFile; fileRef = 86335BB41BA1715900A45520 /* PopViewController.swift */; };
		8695DCAA1BA281DC00651292 /* libxml2.dylib in Frameworks */ = {isa = PBXBuildFile; fileRef = 8695DCA91BA281DC00651292 /* libxml2.dylib */; };
		8695DCC31BA33BD700651292 /* CYRLayoutManager.m in Sources */ = {isa = PBXBuildFile; fileRef = 8695DCBC1BA33BD700651292 /* CYRLayoutManager.m */; };
		8695DCC41BA33BD700651292 /* CYRTextStorage.m in Sources */ = {isa = PBXBuildFile; fileRef = 8695DCBE1BA33BD700651292 /* CYRTextStorage.m */; };
		8695DCC51BA33BD700651292 /* CYRTextView.m in Sources */ = {isa = PBXBuildFile; fileRef = 8695DCC01BA33BD700651292 /* CYRTextView.m */; };
		8695DCC61BA33BD700651292 /* CYRToken.m in Sources */ = {isa = PBXBuildFile; fileRef = 8695DCC21BA33BD700651292 /* CYRToken.m */; };
		8695DCC81BA33C9500651292 /* CoreText.framework in Frameworks */ = {isa = PBXBuildFile; fileRef = 8695DCC71BA33C9500651292 /* CoreText.framework */; };
		8695DCCA1BA33CA100651292 /* CoreGraphics.framework in Frameworks */ = {isa = PBXBuildFile; fileRef = 8695DCC91BA33CA100651292 /* CoreGraphics.framework */; };
		8695DCCD1BA33E6200651292 /* QEDTextView.m in Sources */ = {isa = PBXBuildFile; fileRef = 8695DCCC1BA33E6200651292 /* QEDTextView.m */; };
		86D1164A1BA4662C004A53E8 /* syntax.plist in Resources */ = {isa = PBXBuildFile; fileRef = 86D116491BA4662C004A53E8 /* syntax.plist */; };
		FE61AAB93A91FD154175ECC3 /* Pods.framework in Frameworks */ = {isa = PBXBuildFile; fileRef = 44F3BFCDDDA5AA5416627FAD /* Pods.framework */; settings = {ATTRIBUTES = (Weak, ); }; };
/* End PBXBuildFile section */

/* Begin PBXContainerItemProxy section */
		0503E24D1A8067C800AE382A /* PBXContainerItemProxy */ = {
			isa = PBXContainerItemProxy;
			containerPortal = 0503E22A1A8067C800AE382A /* Project object */;
			proxyType = 1;
			remoteGlobalIDString = 0503E2311A8067C800AE382A;
			remoteInfo = "Brace-Editor";
		};
/* End PBXContainerItemProxy section */

/* Begin PBXCopyFilesBuildPhase section */
		0503E26D1A80685000AE382A /* CopyFiles */ = {
			isa = PBXCopyFilesBuildPhase;
			buildActionMask = 2147483647;
			dstPath = "";
			dstSubfolderSpec = 10;
			files = (
			);
			runOnlyForDeploymentPostprocessing = 0;
		};
/* End PBXCopyFilesBuildPhase section */

/* Begin PBXFileReference section */
		0503D3281A81CEF700E2592C /* CompileModal.swift */ = {isa = PBXFileReference; fileEncoding = 4; lastKnownFileType = sourcecode.swift; path = CompileModal.swift; sourceTree = "<group>"; };
		0503E2321A8067C800AE382A /* Brace-Editor.app */ = {isa = PBXFileReference; explicitFileType = wrapper.application; includeInIndex = 0; path = "Brace-Editor.app"; sourceTree = BUILT_PRODUCTS_DIR; };
		0503E2361A8067C800AE382A /* Info.plist */ = {isa = PBXFileReference; lastKnownFileType = text.plist.xml; path = Info.plist; sourceTree = "<group>"; };
		0503E2371A8067C800AE382A /* AppDelegate.swift */ = {isa = PBXFileReference; lastKnownFileType = sourcecode.swift; path = AppDelegate.swift; sourceTree = "<group>"; };
		0503E23A1A8067C800AE382A /* Brace_Editor.xcdatamodel */ = {isa = PBXFileReference; lastKnownFileType = wrapper.xcdatamodel; path = Brace_Editor.xcdatamodel; sourceTree = "<group>"; };
		0503E23C1A8067C800AE382A /* MasterViewController.swift */ = {isa = PBXFileReference; lastKnownFileType = sourcecode.swift; path = MasterViewController.swift; sourceTree = "<group>"; };
		0503E23E1A8067C800AE382A /* DetailViewController.swift */ = {isa = PBXFileReference; lastKnownFileType = sourcecode.swift; path = DetailViewController.swift; sourceTree = "<group>"; };
		0503E2411A8067C800AE382A /* Base */ = {isa = PBXFileReference; lastKnownFileType = file.storyboard; name = Base; path = Base.lproj/Main.storyboard; sourceTree = "<group>"; };
		0503E2431A8067C800AE382A /* Images.xcassets */ = {isa = PBXFileReference; lastKnownFileType = folder.assetcatalog; path = Images.xcassets; sourceTree = "<group>"; };
		0503E2461A8067C800AE382A /* Base */ = {isa = PBXFileReference; lastKnownFileType = file.xib; name = Base; path = Base.lproj/LaunchScreen.xib; sourceTree = "<group>"; };
		0503E24C1A8067C800AE382A /* Brace-EditorTests.xctest */ = {isa = PBXFileReference; explicitFileType = wrapper.cfbundle; includeInIndex = 0; path = "Brace-EditorTests.xctest"; sourceTree = BUILT_PRODUCTS_DIR; };
		0503E2511A8067C800AE382A /* Info.plist */ = {isa = PBXFileReference; lastKnownFileType = text.plist.xml; path = Info.plist; sourceTree = "<group>"; };
		0503E2521A8067C800AE382A /* Brace_EditorTests.swift */ = {isa = PBXFileReference; lastKnownFileType = sourcecode.swift; path = Brace_EditorTests.swift; sourceTree = "<group>"; };
		0503E26F1A80687000AE382A /* OnlineCompiler.swift */ = {isa = PBXFileReference; fileEncoding = 4; lastKnownFileType = sourcecode.swift; name = OnlineCompiler.swift; path = ../OnlineCompiler.swift; sourceTree = "<group>"; };
		0503E2711A8068ED00AE382A /* SwiftyJSON.swift */ = {isa = PBXFileReference; fileEncoding = 4; lastKnownFileType = sourcecode.swift; path = SwiftyJSON.swift; sourceTree = "<group>"; };
		0503E2731A806EB600AE382A /* CellViewController.swift */ = {isa = PBXFileReference; fileEncoding = 4; lastKnownFileType = sourcecode.swift; path = CellViewController.swift; sourceTree = "<group>"; };
		0820E8EBB6BA075CFA3A85BF /* Pods.release.xcconfig */ = {isa = PBXFileReference; includeInIndex = 1; lastKnownFileType = text.xcconfig; name = Pods.release.xcconfig; path = "Pods/Target Support Files/Pods/Pods.release.xcconfig"; sourceTree = "<group>"; };
		44F3BFCDDDA5AA5416627FAD /* Pods.framework */ = {isa = PBXFileReference; explicitFileType = wrapper.framework; includeInIndex = 0; path = Pods.framework; sourceTree = BUILT_PRODUCTS_DIR; };
		86335BB41BA1715900A45520 /* PopViewController.swift */ = {isa = PBXFileReference; fileEncoding = 4; lastKnownFileType = sourcecode.swift; path = PopViewController.swift; sourceTree = "<group>"; };
		8695DCA91BA281DC00651292 /* libxml2.dylib */ = {isa = PBXFileReference; lastKnownFileType = "compiled.mach-o.dylib"; name = libxml2.dylib; path = usr/lib/libxml2.dylib; sourceTree = SDKROOT; };
		8695DCBA1BA33BD600651292 /* Brace-Editor-Bridging-Header.h */ = {isa = PBXFileReference; lastKnownFileType = sourcecode.c.h; path = "Brace-Editor-Bridging-Header.h"; sourceTree = "<group>"; };
		8695DCBB1BA33BD700651292 /* CYRLayoutManager.h */ = {isa = PBXFileReference; fileEncoding = 4; lastKnownFileType = sourcecode.c.h; path = CYRLayoutManager.h; sourceTree = "<group>"; };
		8695DCBC1BA33BD700651292 /* CYRLayoutManager.m */ = {isa = PBXFileReference; fileEncoding = 4; lastKnownFileType = sourcecode.c.objc; path = CYRLayoutManager.m; sourceTree = "<group>"; };
		8695DCBD1BA33BD700651292 /* CYRTextStorage.h */ = {isa = PBXFileReference; fileEncoding = 4; lastKnownFileType = sourcecode.c.h; path = CYRTextStorage.h; sourceTree = "<group>"; };
		8695DCBE1BA33BD700651292 /* CYRTextStorage.m */ = {isa = PBXFileReference; fileEncoding = 4; lastKnownFileType = sourcecode.c.objc; path = CYRTextStorage.m; sourceTree = "<group>"; };
		8695DCBF1BA33BD700651292 /* CYRTextView.h */ = {isa = PBXFileReference; fileEncoding = 4; lastKnownFileType = sourcecode.c.h; path = CYRTextView.h; sourceTree = "<group>"; };
		8695DCC01BA33BD700651292 /* CYRTextView.m */ = {isa = PBXFileReference; fileEncoding = 4; lastKnownFileType = sourcecode.c.objc; path = CYRTextView.m; sourceTree = "<group>"; };
		8695DCC11BA33BD700651292 /* CYRToken.h */ = {isa = PBXFileReference; fileEncoding = 4; lastKnownFileType = sourcecode.c.h; path = CYRToken.h; sourceTree = "<group>"; };
		8695DCC21BA33BD700651292 /* CYRToken.m */ = {isa = PBXFileReference; fileEncoding = 4; lastKnownFileType = sourcecode.c.objc; path = CYRToken.m; sourceTree = "<group>"; };
		8695DCC71BA33C9500651292 /* CoreText.framework */ = {isa = PBXFileReference; lastKnownFileType = wrapper.framework; name = CoreText.framework; path = System/Library/Frameworks/CoreText.framework; sourceTree = SDKROOT; };
		8695DCC91BA33CA100651292 /* CoreGraphics.framework */ = {isa = PBXFileReference; lastKnownFileType = wrapper.framework; name = CoreGraphics.framework; path = System/Library/Frameworks/CoreGraphics.framework; sourceTree = SDKROOT; };
		8695DCCB1BA33E6200651292 /* QEDTextView.h */ = {isa = PBXFileReference; fileEncoding = 4; lastKnownFileType = sourcecode.c.h; path = QEDTextView.h; sourceTree = "<group>"; };
		8695DCCC1BA33E6200651292 /* QEDTextView.m */ = {isa = PBXFileReference; fileEncoding = 4; lastKnownFileType = sourcecode.c.objc; path = QEDTextView.m; sourceTree = "<group>"; };
		86D116491BA4662C004A53E8 /* syntax.plist */ = {isa = PBXFileReference; fileEncoding = 4; lastKnownFileType = text.plist.xml; path = syntax.plist; sourceTree = "<group>"; };
		E1F9E41A8FE19A60FD6C3402 /* Pods.debug.xcconfig */ = {isa = PBXFileReference; includeInIndex = 1; lastKnownFileType = text.xcconfig; name = Pods.debug.xcconfig; path = "Pods/Target Support Files/Pods/Pods.debug.xcconfig"; sourceTree = "<group>"; };
/* End PBXFileReference section */

/* Begin PBXFrameworksBuildPhase section */
		0503E22F1A8067C800AE382A /* Frameworks */ = {
			isa = PBXFrameworksBuildPhase;
			buildActionMask = 2147483647;
			files = (
				8695DCCA1BA33CA100651292 /* CoreGraphics.framework in Frameworks */,
				8695DCC81BA33C9500651292 /* CoreText.framework in Frameworks */,
				8695DCAA1BA281DC00651292 /* libxml2.dylib in Frameworks */,
				FE61AAB93A91FD154175ECC3 /* Pods.framework in Frameworks */,
			);
			runOnlyForDeploymentPostprocessing = 0;
		};
		0503E2491A8067C800AE382A /* Frameworks */ = {
			isa = PBXFrameworksBuildPhase;
			buildActionMask = 2147483647;
			files = (
			);
			runOnlyForDeploymentPostprocessing = 0;
		};
/* End PBXFrameworksBuildPhase section */

/* Begin PBXGroup section */
		0503E2291A8067C800AE382A = {
			isa = PBXGroup;
			children = (
				8695DCA91BA281DC00651292 /* libxml2.dylib */,
				0503E2341A8067C800AE382A /* Brace-Editor */,
				0503E24F1A8067C800AE382A /* Brace-EditorTests */,
				0503E2331A8067C800AE382A /* Products */,
				DDBEDC28107B67D78A40A1AA /* Pods */,
				AD880DABA7743BA30B20CCD2 /* Frameworks */,
			);
			sourceTree = "<group>";
		};
		0503E2331A8067C800AE382A /* Products */ = {
			isa = PBXGroup;
			children = (
				0503E2321A8067C800AE382A /* Brace-Editor.app */,
				0503E24C1A8067C800AE382A /* Brace-EditorTests.xctest */,
			);
			name = Products;
			sourceTree = "<group>";
		};
		0503E2341A8067C800AE382A /* Brace-Editor */ = {
			isa = PBXGroup;
			children = (
				0503E2371A8067C800AE382A /* AppDelegate.swift */,
				0503E2401A8067C800AE382A /* Main.storyboard */,
				0503E2761A8074BE00AE382A /* Compiler */,
				0503E2751A8074B100AE382A /* Views */,
				8695DCB91BA33BB100651292 /* SyntaxHighlighting */,
				0503E2431A8067C800AE382A /* Images.xcassets */,
				0503E2451A8067C800AE382A /* LaunchScreen.xib */,
				0503E2391A8067C800AE382A /* Brace_Editor.xcdatamodeld */,
				0503E2351A8067C800AE382A /* Supporting Files */,
				86D116491BA4662C004A53E8 /* syntax.plist */,
			);
			path = "Brace-Editor";
			sourceTree = "<group>";
		};
		0503E2351A8067C800AE382A /* Supporting Files */ = {
			isa = PBXGroup;
			children = (
				0503E2361A8067C800AE382A /* Info.plist */,
			);
			name = "Supporting Files";
			sourceTree = "<group>";
		};
		0503E24F1A8067C800AE382A /* Brace-EditorTests */ = {
			isa = PBXGroup;
			children = (
				0503E2521A8067C800AE382A /* Brace_EditorTests.swift */,
				0503E2501A8067C800AE382A /* Supporting Files */,
			);
			path = "Brace-EditorTests";
			sourceTree = "<group>";
		};
		0503E2501A8067C800AE382A /* Supporting Files */ = {
			isa = PBXGroup;
			children = (
				0503E2511A8067C800AE382A /* Info.plist */,
			);
			name = "Supporting Files";
			sourceTree = "<group>";
		};
		0503E2751A8074B100AE382A /* Views */ = {
			isa = PBXGroup;
			children = (
				0503E23C1A8067C800AE382A /* MasterViewController.swift */,
				0503E23E1A8067C800AE382A /* DetailViewController.swift */,
				0503E2731A806EB600AE382A /* CellViewController.swift */,
				0503D3281A81CEF700E2592C /* CompileModal.swift */,
				86335BB41BA1715900A45520 /* PopViewController.swift */,
			);
			name = Views;
			sourceTree = "<group>";
		};
		0503E2761A8074BE00AE382A /* Compiler */ = {
			isa = PBXGroup;
			children = (
				0503E2711A8068ED00AE382A /* SwiftyJSON.swift */,
				0503E26F1A80687000AE382A /* OnlineCompiler.swift */,
			);
			name = Compiler;
			sourceTree = "<group>";
		};
		8695DCB91BA33BB100651292 /* SyntaxHighlighting */ = {
			isa = PBXGroup;
			children = (
				8695DCBB1BA33BD700651292 /* CYRLayoutManager.h */,
				8695DCBC1BA33BD700651292 /* CYRLayoutManager.m */,
				8695DCCB1BA33E6200651292 /* QEDTextView.h */,
				8695DCCC1BA33E6200651292 /* QEDTextView.m */,
				8695DCBD1BA33BD700651292 /* CYRTextStorage.h */,
				8695DCBE1BA33BD700651292 /* CYRTextStorage.m */,
				8695DCBF1BA33BD700651292 /* CYRTextView.h */,
				8695DCC01BA33BD700651292 /* CYRTextView.m */,
				8695DCC11BA33BD700651292 /* CYRToken.h */,
				8695DCC21BA33BD700651292 /* CYRToken.m */,
				8695DCBA1BA33BD600651292 /* Brace-Editor-Bridging-Header.h */,
			);
			name = SyntaxHighlighting;
			sourceTree = "<group>";
		};
		AD880DABA7743BA30B20CCD2 /* Frameworks */ = {
			isa = PBXGroup;
			children = (
				8695DCC91BA33CA100651292 /* CoreGraphics.framework */,
				8695DCC71BA33C9500651292 /* CoreText.framework */,
				44F3BFCDDDA5AA5416627FAD /* Pods.framework */,
			);
			name = Frameworks;
			sourceTree = "<group>";
		};
		DDBEDC28107B67D78A40A1AA /* Pods */ = {
			isa = PBXGroup;
			children = (
				E1F9E41A8FE19A60FD6C3402 /* Pods.debug.xcconfig */,
				0820E8EBB6BA075CFA3A85BF /* Pods.release.xcconfig */,
			);
			name = Pods;
			sourceTree = "<group>";
		};
/* End PBXGroup section */

/* Begin PBXNativeTarget section */
		0503E2311A8067C800AE382A /* Brace-Editor */ = {
			isa = PBXNativeTarget;
			buildConfigurationList = 0503E2561A8067C800AE382A /* Build configuration list for PBXNativeTarget "Brace-Editor" */;
			buildPhases = (
				EF68B684B899E9A9714A5B23 /* Check Pods Manifest.lock */,
				0503E22E1A8067C800AE382A /* Sources */,
				0503E22F1A8067C800AE382A /* Frameworks */,
				0503E2301A8067C800AE382A /* Resources */,
				0503E26D1A80685000AE382A /* CopyFiles */,
				E36C961ED286141D3194DB00 /* Embed Pods Frameworks */,
				780D368144FD07833D19AB0B /* Copy Pods Resources */,
			);
			buildRules = (
			);
			dependencies = (
			);
			name = "Brace-Editor";
			productName = "Brace-Editor";
			productReference = 0503E2321A8067C800AE382A /* Brace-Editor.app */;
			productType = "com.apple.product-type.application";
		};
		0503E24B1A8067C800AE382A /* Brace-EditorTests */ = {
			isa = PBXNativeTarget;
			buildConfigurationList = 0503E2591A8067C800AE382A /* Build configuration list for PBXNativeTarget "Brace-EditorTests" */;
			buildPhases = (
				0503E2481A8067C800AE382A /* Sources */,
				0503E2491A8067C800AE382A /* Frameworks */,
				0503E24A1A8067C800AE382A /* Resources */,
			);
			buildRules = (
			);
			dependencies = (
				0503E24E1A8067C800AE382A /* PBXTargetDependency */,
			);
			name = "Brace-EditorTests";
			productName = "Brace-EditorTests";
			productReference = 0503E24C1A8067C800AE382A /* Brace-EditorTests.xctest */;
			productType = "com.apple.product-type.bundle.unit-test";
		};
/* End PBXNativeTarget section */

/* Begin PBXProject section */
		0503E22A1A8067C800AE382A /* Project object */ = {
			isa = PBXProject;
			attributes = {
				LastUpgradeCheck = 0610;
				ORGANIZATIONNAME = "Dan jarvis";
				TargetAttributes = {
					0503E2311A8067C800AE382A = {
						CreatedOnToolsVersion = 6.1.1;
						DevelopmentTeam = 62TN7799Y7;
					};
					0503E24B1A8067C800AE382A = {
						CreatedOnToolsVersion = 6.1.1;
						TestTargetID = 0503E2311A8067C800AE382A;
					};
				};
			};
			buildConfigurationList = 0503E22D1A8067C800AE382A /* Build configuration list for PBXProject "Brace-Editor" */;
			compatibilityVersion = "Xcode 3.2";
			developmentRegion = English;
			hasScannedForEncodings = 0;
			knownRegions = (
				en,
				Base,
			);
			mainGroup = 0503E2291A8067C800AE382A;
			productRefGroup = 0503E2331A8067C800AE382A /* Products */;
			projectDirPath = "";
			projectRoot = "";
			targets = (
				0503E2311A8067C800AE382A /* Brace-Editor */,
				0503E24B1A8067C800AE382A /* Brace-EditorTests */,
			);
		};
/* End PBXProject section */

/* Begin PBXResourcesBuildPhase section */
		0503E2301A8067C800AE382A /* Resources */ = {
			isa = PBXResourcesBuildPhase;
			buildActionMask = 2147483647;
			files = (
				0503E2421A8067C800AE382A /* Main.storyboard in Resources */,
				86D1164A1BA4662C004A53E8 /* syntax.plist in Resources */,
				0503E2471A8067C800AE382A /* LaunchScreen.xib in Resources */,
				0503E2441A8067C800AE382A /* Images.xcassets in Resources */,
			);
			runOnlyForDeploymentPostprocessing = 0;
		};
		0503E24A1A8067C800AE382A /* Resources */ = {
			isa = PBXResourcesBuildPhase;
			buildActionMask = 2147483647;
			files = (
			);
			runOnlyForDeploymentPostprocessing = 0;
		};
/* End PBXResourcesBuildPhase section */

/* Begin PBXShellScriptBuildPhase section */
		780D368144FD07833D19AB0B /* Copy Pods Resources */ = {
			isa = PBXShellScriptBuildPhase;
			buildActionMask = 2147483647;
			files = (
			);
			inputPaths = (
			);
			name = "Copy Pods Resources";
			outputPaths = (
			);
			runOnlyForDeploymentPostprocessing = 0;
			shellPath = /bin/sh;
			shellScript = "\"${SRCROOT}/Pods/Target Support Files/Pods/Pods-resources.sh\"\n";
			showEnvVarsInLog = 0;
		};
		E36C961ED286141D3194DB00 /* Embed Pods Frameworks */ = {
			isa = PBXShellScriptBuildPhase;
			buildActionMask = 2147483647;
			files = (
			);
			inputPaths = (
			);
			name = "Embed Pods Frameworks";
			outputPaths = (
			);
			runOnlyForDeploymentPostprocessing = 0;
			shellPath = /bin/sh;
			shellScript = "\"${SRCROOT}/Pods/Target Support Files/Pods/Pods-frameworks.sh\"\n";
			showEnvVarsInLog = 0;
		};
		EF68B684B899E9A9714A5B23 /* Check Pods Manifest.lock */ = {
			isa = PBXShellScriptBuildPhase;
			buildActionMask = 2147483647;
			files = (
			);
			inputPaths = (
			);
			name = "Check Pods Manifest.lock";
			outputPaths = (
			);
			runOnlyForDeploymentPostprocessing = 0;
			shellPath = /bin/sh;
			shellScript = "diff \"${PODS_ROOT}/../Podfile.lock\" \"${PODS_ROOT}/Manifest.lock\" > /dev/null\nif [[ $? != 0 ]] ; then\n    cat << EOM\nerror: The sandbox is not in sync with the Podfile.lock. Run 'pod install' or update your CocoaPods installation.\nEOM\n    exit 1\nfi\n";
			showEnvVarsInLog = 0;
		};
/* End PBXShellScriptBuildPhase section */

/* Begin PBXSourcesBuildPhase section */
		0503E22E1A8067C800AE382A /* Sources */ = {
			isa = PBXSourcesBuildPhase;
			buildActionMask = 2147483647;
			files = (
				8695DCCD1BA33E6200651292 /* QEDTextView.m in Sources */,
				0503D3291A81CEF700E2592C /* CompileModal.swift in Sources */,
				86335BB51BA1715900A45520 /* PopViewController.swift in Sources */,
				8695DCC51BA33BD700651292 /* CYRTextView.m in Sources */,
				0503E2741A806EB600AE382A /* CellViewController.swift in Sources */,
				0503E2701A80687000AE382A /* OnlineCompiler.swift in Sources */,
				0503E23B1A8067C800AE382A /* Brace_Editor.xcdatamodeld in Sources */,
				8695DCC41BA33BD700651292 /* CYRTextStorage.m in Sources */,
				0503E2381A8067C800AE382A /* AppDelegate.swift in Sources */,
				8695DCC31BA33BD700651292 /* CYRLayoutManager.m in Sources */,
				8695DCC61BA33BD700651292 /* CYRToken.m in Sources */,
				0503E2721A8068ED00AE382A /* SwiftyJSON.swift in Sources */,
				0503E23D1A8067C800AE382A /* MasterViewController.swift in Sources */,
				0503E23F1A8067C800AE382A /* DetailViewController.swift in Sources */,
			);
			runOnlyForDeploymentPostprocessing = 0;
		};
		0503E2481A8067C800AE382A /* Sources */ = {
			isa = PBXSourcesBuildPhase;
			buildActionMask = 2147483647;
			files = (
				0503E2531A8067C800AE382A /* Brace_EditorTests.swift in Sources */,
			);
			runOnlyForDeploymentPostprocessing = 0;
		};
/* End PBXSourcesBuildPhase section */

/* Begin PBXTargetDependency section */
		0503E24E1A8067C800AE382A /* PBXTargetDependency */ = {
			isa = PBXTargetDependency;
			target = 0503E2311A8067C800AE382A /* Brace-Editor */;
			targetProxy = 0503E24D1A8067C800AE382A /* PBXContainerItemProxy */;
		};
/* End PBXTargetDependency section */

/* Begin PBXVariantGroup section */
		0503E2401A8067C800AE382A /* Main.storyboard */ = {
			isa = PBXVariantGroup;
			children = (
				0503E2411A8067C800AE382A /* Base */,
			);
			name = Main.storyboard;
			sourceTree = "<group>";
		};
		0503E2451A8067C800AE382A /* LaunchScreen.xib */ = {
			isa = PBXVariantGroup;
			children = (
				0503E2461A8067C800AE382A /* Base */,
			);
			name = LaunchScreen.xib;
			sourceTree = "<group>";
		};
/* End PBXVariantGroup section */

/* Begin XCBuildConfiguration section */
		0503E2541A8067C800AE382A /* Debug */ = {
			isa = XCBuildConfiguration;
			buildSettings = {
				ALWAYS_SEARCH_USER_PATHS = NO;
				CLANG_CXX_LANGUAGE_STANDARD = "gnu++0x";
				CLANG_CXX_LIBRARY = "libc++";
				CLANG_ENABLE_MODULES = YES;
				CLANG_ENABLE_OBJC_ARC = YES;
				CLANG_WARN_BOOL_CONVERSION = YES;
				CLANG_WARN_CONSTANT_CONVERSION = YES;
				CLANG_WARN_DIRECT_OBJC_ISA_USAGE = YES_ERROR;
				CLANG_WARN_EMPTY_BODY = YES;
				CLANG_WARN_ENUM_CONVERSION = YES;
				CLANG_WARN_INT_CONVERSION = YES;
				CLANG_WARN_OBJC_ROOT_CLASS = YES_ERROR;
				CLANG_WARN_UNREACHABLE_CODE = YES;
				CLANG_WARN__DUPLICATE_METHOD_MATCH = YES;
				"CODE_SIGN_IDENTITY[sdk=iphoneos*]" = "iPhone Developer";
				COPY_PHASE_STRIP = NO;
				ENABLE_STRICT_OBJC_MSGSEND = YES;
				GCC_C_LANGUAGE_STANDARD = gnu99;
				GCC_DYNAMIC_NO_PIC = NO;
				GCC_OPTIMIZATION_LEVEL = 0;
				GCC_PREPROCESSOR_DEFINITIONS = (
					"DEBUG=1",
					"$(inherited)",
				);
				GCC_SYMBOLS_PRIVATE_EXTERN = NO;
				GCC_WARN_64_TO_32_BIT_CONVERSION = YES;
				GCC_WARN_ABOUT_RETURN_TYPE = YES_ERROR;
				GCC_WARN_UNDECLARED_SELECTOR = YES;
				GCC_WARN_UNINITIALIZED_AUTOS = YES_AGGRESSIVE;
				GCC_WARN_UNUSED_FUNCTION = YES;
				GCC_WARN_UNUSED_VARIABLE = YES;
				IPHONEOS_DEPLOYMENT_TARGET = 8.1;
				MTL_ENABLE_DEBUG_INFO = YES;
				ONLY_ACTIVE_ARCH = YES;
				SDKROOT = iphoneos;
				SWIFT_OPTIMIZATION_LEVEL = "-Onone";
			};
			name = Debug;
		};
		0503E2551A8067C800AE382A /* Release */ = {
			isa = XCBuildConfiguration;
			buildSettings = {
				ALWAYS_SEARCH_USER_PATHS = NO;
				CLANG_CXX_LANGUAGE_STANDARD = "gnu++0x";
				CLANG_CXX_LIBRARY = "libc++";
				CLANG_ENABLE_MODULES = YES;
				CLANG_ENABLE_OBJC_ARC = YES;
				CLANG_WARN_BOOL_CONVERSION = YES;
				CLANG_WARN_CONSTANT_CONVERSION = YES;
				CLANG_WARN_DIRECT_OBJC_ISA_USAGE = YES_ERROR;
				CLANG_WARN_EMPTY_BODY = YES;
				CLANG_WARN_ENUM_CONVERSION = YES;
				CLANG_WARN_INT_CONVERSION = YES;
				CLANG_WARN_OBJC_ROOT_CLASS = YES_ERROR;
				CLANG_WARN_UNREACHABLE_CODE = YES;
				CLANG_WARN__DUPLICATE_METHOD_MATCH = YES;
				"CODE_SIGN_IDENTITY[sdk=iphoneos*]" = "iPhone Developer";
				COPY_PHASE_STRIP = YES;
				ENABLE_NS_ASSERTIONS = NO;
				ENABLE_STRICT_OBJC_MSGSEND = YES;
				GCC_C_LANGUAGE_STANDARD = gnu99;
				GCC_WARN_64_TO_32_BIT_CONVERSION = YES;
				GCC_WARN_ABOUT_RETURN_TYPE = YES_ERROR;
				GCC_WARN_UNDECLARED_SELECTOR = YES;
				GCC_WARN_UNINITIALIZED_AUTOS = YES_AGGRESSIVE;
				GCC_WARN_UNUSED_FUNCTION = YES;
				GCC_WARN_UNUSED_VARIABLE = YES;
				IPHONEOS_DEPLOYMENT_TARGET = 8.1;
				MTL_ENABLE_DEBUG_INFO = NO;
				SDKROOT = iphoneos;
				VALIDATE_PRODUCT = YES;
			};
			name = Release;
		};
		0503E2571A8067C800AE382A /* Debug */ = {
			isa = XCBuildConfiguration;
			baseConfigurationReference = E1F9E41A8FE19A60FD6C3402 /* Pods.debug.xcconfig */;
			buildSettings = {
				ASSETCATALOG_COMPILER_APPICON_NAME = AppIcon;
				CLANG_ENABLE_MODULES = YES;
				CODE_SIGN_IDENTITY = "iPhone Developer";
				"CODE_SIGN_IDENTITY[sdk=iphoneos*]" = "iPhone Developer";
				INFOPLIST_FILE = "Brace-Editor/Info.plist";
				LD_RUNPATH_SEARCH_PATHS = "$(inherited) @executable_path/Frameworks";
				PRODUCT_NAME = "$(TARGET_NAME)";
				PROVISIONING_PROFILE = "";
				SWIFT_INSTALL_OBJC_HEADER = NO;
				SWIFT_OBJC_BRIDGING_HEADER = "Brace-Editor/Brace-Editor-Bridging-Header.h";
				SWIFT_OPTIMIZATION_LEVEL = "-Onone";
				TARGETED_DEVICE_FAMILY = "1,2";
			};
			name = Debug;
		};
		0503E2581A8067C800AE382A /* Release */ = {
			isa = XCBuildConfiguration;
			baseConfigurationReference = 0820E8EBB6BA075CFA3A85BF /* Pods.release.xcconfig */;
			buildSettings = {
				ASSETCATALOG_COMPILER_APPICON_NAME = AppIcon;
				CLANG_ENABLE_MODULES = YES;
				CODE_SIGN_IDENTITY = "iPhone Developer";
				"CODE_SIGN_IDENTITY[sdk=iphoneos*]" = "iPhone Developer";
				INFOPLIST_FILE = "Brace-Editor/Info.plist";
				LD_RUNPATH_SEARCH_PATHS = "$(inherited) @executable_path/Frameworks";
				PRODUCT_NAME = "$(TARGET_NAME)";
				PROVISIONING_PROFILE = "";
				SWIFT_INSTALL_OBJC_HEADER = NO;
				SWIFT_OBJC_BRIDGING_HEADER = "Brace-Editor/Brace-Editor-Bridging-Header.h";
				TARGETED_DEVICE_FAMILY = "1,2";
			};
			name = Release;
		};
		0503E25A1A8067C800AE382A /* Debug */ = {
			isa = XCBuildConfiguration;
			buildSettings = {
				BUNDLE_LOADER = "$(TEST_HOST)";
				FRAMEWORK_SEARCH_PATHS = (
					"$(SDKROOT)/Developer/Library/Frameworks",
					"$(inherited)",
				);
				GCC_PREPROCESSOR_DEFINITIONS = (
					"DEBUG=1",
					"$(inherited)",
				);
				INFOPLIST_FILE = "Brace-EditorTests/Info.plist";
				LD_RUNPATH_SEARCH_PATHS = "$(inherited) @executable_path/Frameworks @loader_path/Frameworks";
				PRODUCT_NAME = "$(TARGET_NAME)";
				TEST_HOST = "$(BUILT_PRODUCTS_DIR)/Brace-Editor.app/Brace-Editor";
			};
			name = Debug;
		};
		0503E25B1A8067C800AE382A /* Release */ = {
			isa = XCBuildConfiguration;
			buildSettings = {
				BUNDLE_LOADER = "$(TEST_HOST)";
				FRAMEWORK_SEARCH_PATHS = (
					"$(SDKROOT)/Developer/Library/Frameworks",
					"$(inherited)",
				);
				INFOPLIST_FILE = "Brace-EditorTests/Info.plist";
				LD_RUNPATH_SEARCH_PATHS = "$(inherited) @executable_path/Frameworks @loader_path/Frameworks";
				PRODUCT_NAME = "$(TARGET_NAME)";
				TEST_HOST = "$(BUILT_PRODUCTS_DIR)/Brace-Editor.app/Brace-Editor";
			};
			name = Release;
		};
/* End XCBuildConfiguration section */

/* Begin XCConfigurationList section */
		0503E22D1A8067C800AE382A /* Build configuration list for PBXProject "Brace-Editor" */ = {
			isa = XCConfigurationList;
			buildConfigurations = (
				0503E2541A8067C800AE382A /* Debug */,
				0503E2551A8067C800AE382A /* Release */,
			);
			defaultConfigurationIsVisible = 0;
			defaultConfigurationName = Release;
		};
		0503E2561A8067C800AE382A /* Build configuration list for PBXNativeTarget "Brace-Editor" */ = {
			isa = XCConfigurationList;
			buildConfigurations = (
				0503E2571A8067C800AE382A /* Debug */,
				0503E2581A8067C800AE382A /* Release */,
			);
			defaultConfigurationIsVisible = 0;
			defaultConfigurationName = Release;
		};
		0503E2591A8067C800AE382A /* Build configuration list for PBXNativeTarget "Brace-EditorTests" */ = {
			isa = XCConfigurationList;
			buildConfigurations = (
				0503E25A1A8067C800AE382A /* Debug */,
				0503E25B1A8067C800AE382A /* Release */,
			);
			defaultConfigurationIsVisible = 0;
			defaultConfigurationName = Release;
		};
/* End XCConfigurationList section */

/* Begin XCVersionGroup section */
		0503E2391A8067C800AE382A /* Brace_Editor.xcdatamodeld */ = {
			isa = XCVersionGroup;
			children = (
				0503E23A1A8067C800AE382A /* Brace_Editor.xcdatamodel */,
			);
			currentVersion = 0503E23A1A8067C800AE382A /* Brace_Editor.xcdatamodel */;
			path = Brace_Editor.xcdatamodeld;
			sourceTree = "<group>";
			versionGroupType = wrapper.xcdatamodel;
		};
/* End XCVersionGroup section */
	};
	rootObject = 0503E22A1A8067C800AE382A /* Project object */;
}
